PackratFormat: 1.4
PackratVersion: 0.4.7.1
RVersion: 3.2.3
Repos: BioCsoft=https://bioconductor.org/packages/3.2/bioc,
    BioCann=https://bioconductor.org/packages/3.2/data/annotation,
    BioCexp=https://bioconductor.org/packages/3.2/data/experiment,
    BioCextra=https://bioconductor.org/packages/3.2/extra,
    CRAN=https://cran.rstudio.com/

Package: BH
Source: CRAN
Version: 1.60.0-2
Hash: be2967bcff307e561d9ba17faf03205c

Package: DBI
Source: CRAN
Version: 0.5-1
Hash: 375869004db963f9915f2b8a49b4a718

Package: MASS
Source: CRAN
Version: 7.3-45
Hash: 0650d5701aa7e369e77c9e2c8e1dc913

Package: R6
Source: CRAN
Version: 2.2.0
Hash: 712773a3439bd32db5c40938e1a9aac2

Package: RColorBrewer
Source: CRAN
Version: 1.1-2
Hash: c0d56cd15034f395874c870141870c25

Package: Rcpp
Source: CRAN
Version: 0.12.7
Hash: f0ba7322cfb66f1b563462faa9c2b2ab

Package: RcppArmadillo
Source: CRAN
Version: 0.7.400.2.0
Hash: 5c6ad5ed5029ca79a26f3f17afd037f4
Requires: Rcpp

Package: assertthat
Source: CRAN
Version: 0.1
Hash: 0afb92b59b02593c70ff8046700ba9d3

Package: cdcfluview
Source: CRAN
Version: 0.4.0
Hash: 632a49cb2c154f95171ec82b521c8808
Requires: dplyr, httr, pbapply, xml2

Package: colorspace
Source: CRAN
Version: 1.2-6
Hash: 00bb12245cd975c450cc4a960884fa15

Package: curl
Source: CRAN
Version: 2.1
Hash: e3d6a6a421b8418ae333894b6a16829f

Package: dichromat
Source: CRAN
Version: 2.0-0
Hash: 08eed0c80510af29bb15f840ccfe37ce

Package: digest
Source: CRAN
Version: 0.6.10
Hash: 87165608ca8aeb0958835c3c5b52b6b7

Package: dplyr
Source: CRAN
Version: 0.5.0
Hash: 03e5e71801c0f49217922e2cd4680f06
Requires: BH, DBI, R6, Rcpp, assertthat, lazyeval, magrittr, tibble

Package: forecast
Source: CRAN
Version: 7.2
Hash: e7b03ce2ef2830a0bb204f373a8d0ad2
Requires: Rcpp, RcppArmadillo, colorspace, fracdiff, ggplot2, timeDate,
    tseries, zoo

Package: fracdiff
Source: CRAN
Version: 1.4-2
Hash: 75e1920799a698acf5912369675100af

Package: ggplot2
Source: CRAN
Version: 2.1.0
Hash: 50e297b0191179c39c7dcae0eff72b51
Requires: MASS, digest, gtable, plyr, reshape2, scales

Package: gtable
Source: CRAN
Version: 0.2.0
Hash: cd78381a9d3fea966ac39bd0daaf5554

Package: hms
Source: CRAN
Version: 0.2

Package: httr
Source: CRAN
Version: 1.2.1
Hash: 7de1f8f760441881804af7c1ff324340
Requires: R6, curl, jsonlite, mime, openssl

Package: jsonlite
Source: CRAN
Version: 1.1
Hash: 86d4b85b84421a4815f1bb4872e30ef4

Package: labeling
Source: CRAN
Version: 0.3
Hash: ecf589b42cd284b03a4beb9665482d3e

Package: lazyeval
Source: CRAN
Version: 0.2.0
Hash: 3d6e7608e65bbf5cb170dab1e3c9ed8b

Package: lubridate
Source: CRAN
Version: 1.6.0
Hash: b90f4cbefe0b3c545dd68b22c66a8a12
Requires: stringr

Package: magrittr
Source: CRAN
Version: 1.5
Hash: bdc4d48c3135e8f3b399536ddf160df4

Package: mime
Source: CRAN
Version: 0.5
Hash: 463550cf44fb6f0a2359368f42eebe62

Package: munsell
Source: CRAN
Version: 0.4.3
Hash: f96d896947fcaf9b6d0074002e9f4f9d
Requires: colorspace

Package: openssl
Source: CRAN
Version: 0.9.4
Hash: 5ceb5d83bba44e8e5a764ac6ad32e9fb

Package: packrat
Source: CRAN
Version: 0.4.7-1
Hash: 16ca16d36eb18d1d16113606ecc5c400

Package: pbapply
Source: CRAN
Version: 1.3-0
Hash: 6ff0effdff99fe77f5309c0e20ecb0a9

Package: plyr
Source: CRAN
Version: 1.8.4
Hash: 75ca080b10a9314a9b293964331e5df7
Requires: Rcpp

Package: quadprog
Source: CRAN
Version: 1.5-5
Hash: 69000b7dc41b09977dcf781f909d235c

Package: readr
Source: CRAN
Version: 1.0.0
Hash: d7cf8e4bfe7f5fa25d908362735bc9ae
Requires: BH, R6, Rcpp, curl, hms, tibble

Package: reshape2
Source: CRAN
Version: 1.4.1
Hash: c9a8d2349fe969cf519dd0ced9cc1414
Requires: Rcpp, plyr, stringr

Package: scales
Source: CRAN
Version: 0.4.0
Hash: c4a91e7a322e03813b68b73940ce031f
Requires: RColorBrewer, Rcpp, dichromat, labeling, munsell, plyr

Package: stringi
Source: CRAN
Version: 1.1.2
Hash: 1ad6b1cc11d982ac233bf2fa2f7c9684

Package: stringr
Source: CRAN
Version: 1.1.0
Hash: 4d21d0063b37a17ea18eaec6acd29bf3
Requires: magrittr, stringi

Package: tibble
Source: CRAN
Version: 1.2
Requires: Rcpp, assertthat, lazyeval

Package: timeDate
Source: CRAN
Version: 3012.100
Hash: 78876c125c98033cd093fa0283469637

Package: tseries
Source: CRAN
Version: 0.10-35
Hash: 7e682b3836fe687ac9ab9d8f9137064c
Requires: quadprog, zoo

Package: xml2
Source: CRAN
Version: 1.0.0
Hash: a55c497b694e044296830eb8ac5c2fee
Requires: BH, Rcpp

Package: zoo
Source: CRAN
Version: 1.7-13
Hash: 5e9d37229de4b68b9a5e09a619e0f9b6
